
Microsoft Visual Studio Solution File, Format Version 12.00
# Visual Studio 14
VisualStudioVersion = 14.0.25420.1
MinimumVisualStudioVersion = 10.0.40219.1
Project("{FAE04EC0-301F-11D3-BF4B-00C04F79EFBC}") = "bsk", "bsk\bsk.csproj", "{73DFF35E-8C75-4FA6-BC20-1DE14C46DA07}"
EndProject
Project("{FAE04EC0-301F-11D3-BF4B-00C04F79EFBC}") = "bskTests3", "bskTests3\bskTests3.csproj", "{953E0D09-712C-4415-806A-057031520AEC}"
EndProject
Global
	GlobalSection(SolutionConfigurationPlatforms) = preSolution
		Debug|Any CPU = Debug|Any CPU
		Release|Any CPU = Release|Any CPU
	EndGlobalSection
	GlobalSection(ProjectConfigurationPlatforms) = postSolution
		{73DFF35E-8C75-4FA6-BC20-1DE14C46DA07}.Debug|Any CPU.ActiveCfg = Debug|Any CPU
		{73DFF35E-8C75-4FA6-BC20-1DE14C46DA07}.Debug|Any CPU.Build.0 = Debug|Any CPU
		{73DFF35E-8C75-4FA6-BC20-1DE14C46DA07}.Release|Any CPU.ActiveCfg = Release|Any CPU
		{73DFF35E-8C75-4FA6-BC20-1DE14C46DA07}.Release|Any CPU.Build.0 = Release|Any CPU
		{953E0D09-712C-4415-806A-057031520AEC}.Debug|Any CPU.ActiveCfg = Debug|Any CPU
		{953E0D09-712C-4415-806A-057031520AEC}.Debug|Any CPU.Build.0 = Debug|Any CPU
		{953E0D09-712C-4415-806A-057031520AEC}.Release|Any CPU.ActiveCfg = Release|Any CPU
		{953E0D09-712C-4415-806A-057031520AEC}.Release|Any CPU.Build.0 = Release|Any CPU
	EndGlobalSection
	GlobalSection(SolutionProperties) = preSolution
		HideSolutionNode = FALSE
	EndGlobalSection
EndGlobal
